
Microsoft Visual Studio Solution File, Format Version 12.00
# Visual Studio Version 17
VisualStudioVersion = 17.11.35219.272
MinimumVisualStudioVersion = 10.0.40219.1
Project("{FAE04EC0-301F-11D3-BF4B-00C04F79EFBC}") = "HStudio", "HStudio.csproj", "{038E5A6C-560F-4389-9235-FDEE8D7A690C}"
EndProject
Global
	GlobalSection(SolutionConfigurationPlatforms) = preSolution
		Debug|Any CPU = Debug|Any CPU
		Release|Any CPU = Release|Any CPU
	EndGlobalSection
	GlobalSection(ProjectConfigurationPlatforms) = postSolution
		{038E5A6C-560F-4389-9235-FDEE8D7A690C}.Debug|Any CPU.ActiveCfg = Debug|Any CPU
		{038E5A6C-560F-4389-9235-FDEE8D7A690C}.Debug|Any CPU.Build.0 = Debug|Any CPU
		{038E5A6C-560F-4389-9235-FDEE8D7A690C}.Release|Any CPU.ActiveCfg = Release|Any CPU
		{038E5A6C-560F-4389-9235-FDEE8D7A690C}.Release|Any CPU.Build.0 = Release|Any CPU
	EndGlobalSection
	GlobalSection(SolutionProperties) = preSolution
		HideSolutionNode = FALSE
	EndGlobalSection
	GlobalSection(ExtensibilityGlobals) = postSolution
		SolutionGuid = {349007DB-6956-4195-8E91-49D3D41DA6C8}
	EndGlobalSection
EndGlobal
